
Microsoft Visual Studio Solution File, Format Version 12.00
# Visual Studio Version 17
VisualStudioVersion = 17.0.31521.260
MinimumVisualStudioVersion = 10.0.40219.1
Project("{9A19103F-16F7-4668-BE54-9A1E7A4F7556}") = "TestApp", "TestApp\TestApp.csproj", "{5615C05F-A5CE-4D62-99A2-738BB68B4F17}"
EndProject
Project("{9A19103F-16F7-4668-BE54-9A1E7A4F7556}") = "TestApp.Benchmark", "TestApp.Benchmark\TestApp.Benchmark.csproj", "{96E75C50-3EEB-4591-B8B3-E64243A5365B}"
EndProject
Project("{9A19103F-16F7-4668-BE54-9A1E7A4F7556}") = "TestApp.UnitTest", "TestApp.UnitTest\TestApp.UnitTest.csproj", "{F8C8B4A1-947D-49E4-8F3E-CE708708616D}"
EndProject
Project("{FAE04EC0-301F-11D3-BF4B-00C04F79EFBC}") = "TestApp.ByPzixel", "TestApp.ByPzixel\TestApp.ByPzixel.csproj", "{6225F4C8-12E6-4798-B71C-4AC92D44866B}"
EndProject
Project("{FAE04EC0-301F-11D3-BF4B-00C04F79EFBC}") = "TestApp.ByNovar0", "TestApp.ByNovar0\TestApp.ByNovar0.csproj", "{2FE93F62-56C2-453C-9E7C-546282B84169}"
EndProject
Global
	GlobalSection(SolutionConfigurationPlatforms) = preSolution
		Debug|Any CPU = Debug|Any CPU
		Release|Any CPU = Release|Any CPU
	EndGlobalSection
	GlobalSection(ProjectConfigurationPlatforms) = postSolution
		{5615C05F-A5CE-4D62-99A2-738BB68B4F17}.Debug|Any CPU.ActiveCfg = Debug|Any CPU
		{5615C05F-A5CE-4D62-99A2-738BB68B4F17}.Debug|Any CPU.Build.0 = Debug|Any CPU
		{5615C05F-A5CE-4D62-99A2-738BB68B4F17}.Release|Any CPU.ActiveCfg = Release|Any CPU
		{5615C05F-A5CE-4D62-99A2-738BB68B4F17}.Release|Any CPU.Build.0 = Release|Any CPU
		{96E75C50-3EEB-4591-B8B3-E64243A5365B}.Debug|Any CPU.ActiveCfg = Debug|Any CPU
		{96E75C50-3EEB-4591-B8B3-E64243A5365B}.Debug|Any CPU.Build.0 = Debug|Any CPU
		{96E75C50-3EEB-4591-B8B3-E64243A5365B}.Release|Any CPU.ActiveCfg = Release|Any CPU
		{96E75C50-3EEB-4591-B8B3-E64243A5365B}.Release|Any CPU.Build.0 = Release|Any CPU
		{F8C8B4A1-947D-49E4-8F3E-CE708708616D}.Debug|Any CPU.ActiveCfg = Debug|Any CPU
		{F8C8B4A1-947D-49E4-8F3E-CE708708616D}.Debug|Any CPU.Build.0 = Debug|Any CPU
		{F8C8B4A1-947D-49E4-8F3E-CE708708616D}.Release|Any CPU.ActiveCfg = Release|Any CPU
		{F8C8B4A1-947D-49E4-8F3E-CE708708616D}.Release|Any CPU.Build.0 = Release|Any CPU
		{6225F4C8-12E6-4798-B71C-4AC92D44866B}.Debug|Any CPU.ActiveCfg = Debug|Any CPU
		{6225F4C8-12E6-4798-B71C-4AC92D44866B}.Debug|Any CPU.Build.0 = Debug|Any CPU
		{6225F4C8-12E6-4798-B71C-4AC92D44866B}.Release|Any CPU.ActiveCfg = Release|Any CPU
		{6225F4C8-12E6-4798-B71C-4AC92D44866B}.Release|Any CPU.Build.0 = Release|Any CPU
		{2FE93F62-56C2-453C-9E7C-546282B84169}.Debug|Any CPU.ActiveCfg = Debug|Any CPU
		{2FE93F62-56C2-453C-9E7C-546282B84169}.Debug|Any CPU.Build.0 = Debug|Any CPU
		{2FE93F62-56C2-453C-9E7C-546282B84169}.Release|Any CPU.ActiveCfg = Release|Any CPU
		{2FE93F62-56C2-453C-9E7C-546282B84169}.Release|Any CPU.Build.0 = Release|Any CPU
	EndGlobalSection
	GlobalSection(SolutionProperties) = preSolution
		HideSolutionNode = FALSE
	EndGlobalSection
	GlobalSection(ExtensibilityGlobals) = postSolution
		SolutionGuid = {4566AADE-A752-4804-9B3F-26764366C2DB}
	EndGlobalSection
EndGlobal
